# This file is automatically @generated by Poetry 1.5.1 and should not be changed by hand.

[[package]]
name = "decorator"
version = "5.1.1"
description = "Decorators for Humans"
optional = false
python-versions = ">=3.5"
files = [
    {file = "decorator-5.1.1-py3-none-any.whl", hash = "sha256:b8c3f85900b9dc423225913c5aace94729fe1fa9763b38939a95226f02d37186"},
    {file = "decorator-5.1.1.tar.gz", hash = "sha256:637996211036b6385ef91435e4fae22989472f9d571faba8927ba8253acbc330"},
]

[[package]]
name = "gurobipy"
version = "10.0.2"
description = "Python interface to Gurobi"
optional = false
python-versions = "*"
files = [
    {file = "gurobipy-10.0.2-cp310-cp310-macosx_10_9_universal2.whl", hash = "sha256:52548136c511bc5c936a03b78bda814c8098eceb5eacaa0f779a7b3306834edd"},
    {file = "gurobipy-10.0.2-cp310-cp310-manylinux2014_aarch64.whl", hash = "sha256:e20d69199311cb5193653734b478285d004e7e2461d055c9811039b2b7b6191a"},
    {file = "gurobipy-10.0.2-cp310-cp310-manylinux2014_x86_64.whl", hash = "sha256:8c0fcb48001f6e0067c551831ba1fc293404e80304a9d42484e385751709af77"},
    {file = "gurobipy-10.0.2-cp310-cp310-win_amd64.whl", hash = "sha256:bf06cc4e33e47bf670e9321f81afc045c1b83393939d921de5f6d4355edeebf4"},
    {file = "gurobipy-10.0.2-cp311-cp311-macosx_10_9_universal2.whl", hash = "sha256:f4f6b33ce562e8b56283b5a5a7a5e2647c5e63eb38e9ba1226c30d6f4a34c571"},
    {file = "gurobipy-10.0.2-cp311-cp311-manylinux2014_aarch64.whl", hash = "sha256:1d6517b91b5e338f5b46d6f9862308f0a11a12fab2a644a6f64f077c7d2b7cfc"},
    {file = "gurobipy-10.0.2-cp311-cp311-manylinux2014_x86_64.whl", hash = "sha256:f4f5a700eadf7853f89c0c97ffd3c03711cbce5a61f26d32b7a77dccd96c147e"},
    {file = "gurobipy-10.0.2-cp311-cp311-win_amd64.whl", hash = "sha256:375e18397e4766b0a705bfb4e3cfcdd5fe1207b18ad307668a81c3d82474d563"},
    {file = "gurobipy-10.0.2-cp37-cp37m-macosx_10_9_x86_64.whl", hash = "sha256:75a33ecfbafe3cc820d30dc14337626ad6872d1fcd0b5bd4402a3865f1ce720b"},
    {file = "gurobipy-10.0.2-cp37-cp37m-manylinux2014_aarch64.whl", hash = "sha256:78dcdb687e77316ab17d74b7802c17aa72bfe007bc44b9625856f06ebd394899"},
    {file = "gurobipy-10.0.2-cp37-cp37m-manylinux2014_x86_64.whl", hash = "sha256:b6dcafe5888818bc53af325a525a587a00c7a8f6aad26e5fd31cc524b853c2d4"},
    {file = "gurobipy-10.0.2-cp37-cp37m-win_amd64.whl", hash = "sha256:5ae84999b4a492282766a02d765c06c878a21a658e1b6f9af27fd5b384edfff9"},
    {file = "gurobipy-10.0.2-cp38-cp38-macosx_10_9_x86_64.whl", hash = "sha256:6debb0df3824d2732937a46bd38b4568896be63a39f638283a7c1db566bb59a4"},
    {file = "gurobipy-10.0.2-cp38-cp38-manylinux2014_aarch64.whl", hash = "sha256:6918f535700f6002902fa813b73f7b12a8956c6361d92ade05a1f5a0e49d0db1"},
    {file = "gurobipy-10.0.2-cp38-cp38-manylinux2014_x86_64.whl", hash = "sha256:860c06c8a8ee96a02060e4696f8666945b101acdd9b0bd08d40f2870a826fd3c"},
    {file = "gurobipy-10.0.2-cp38-cp38-win_amd64.whl", hash = "sha256:9a545831b6b1759131cd71ec67877e39f7db8826e8f9253e7f3b493ee595fa3d"},
    {file = "gurobipy-10.0.2-cp39-cp39-macosx_10_9_universal2.whl", hash = "sha256:e8bf3aea86a16786198b83f7a9812ce9bf1e2f105717e53d8ce5b4129a39b8f3"},
    {file = "gurobipy-10.0.2-cp39-cp39-manylinux2014_aarch64.whl", hash = "sha256:ad21e13edd11bc4a86bdc564fe10779c60aac648f6f2c41171a477bbd925341a"},
    {file = "gurobipy-10.0.2-cp39-cp39-manylinux2014_x86_64.whl", hash = "sha256:f805393623ddb532eff7d9ea612a7ddf9d9667611bce6c013d7ebc72e4778a7e"},
    {file = "gurobipy-10.0.2-cp39-cp39-win_amd64.whl", hash = "sha256:bed2bc14b0a4195da2d967e932b12766128de4c70069d3d44408c4fd7d46e7ad"},
]

[package.extras]
matrixapi = ["numpy", "scipy"]

[[package]]
name = "lcogt-logging"
version = "0.3.2"
description = "Library for formatting python log calls according to\nLCOGT standards"
optional = false
python-versions = "*"
files = [
    {file = "lcogt-logging-0.3.2.tar.gz", hash = "sha256:b58f9b1ce3b16193d122a17cbafa7557601847481f3d3d69fb13361a3019e52a"},
]

[[package]]
name = "numpy"
version = "1.25.0"
description = "Fundamental package for array computing in Python"
optional = false
python-versions = ">=3.9"
files = [
    {file = "numpy-1.25.0-cp310-cp310-macosx_10_9_x86_64.whl", hash = "sha256:8aa130c3042052d656751df5e81f6d61edff3e289b5994edcf77f54118a8d9f4"},
    {file = "numpy-1.25.0-cp310-cp310-macosx_11_0_arm64.whl", hash = "sha256:9e3f2b96e3b63c978bc29daaa3700c028fe3f049ea3031b58aa33fe2a5809d24"},
    {file = "numpy-1.25.0-cp310-cp310-manylinux_2_17_aarch64.manylinux2014_aarch64.whl", hash = "sha256:d6b267f349a99d3908b56645eebf340cb58f01bd1e773b4eea1a905b3f0e4208"},
    {file = "numpy-1.25.0-cp310-cp310-manylinux_2_17_x86_64.manylinux2014_x86_64.whl", hash = "sha256:4aedd08f15d3045a4e9c648f1e04daca2ab1044256959f1f95aafeeb3d794c16"},
    {file = "numpy-1.25.0-cp310-cp310-musllinux_1_1_x86_64.whl", hash = "sha256:6d183b5c58513f74225c376643234c369468e02947b47942eacbb23c1671f25d"},
    {file = "numpy-1.25.0-cp310-cp310-win32.whl", hash = "sha256:d76a84998c51b8b68b40448ddd02bd1081bb33abcdc28beee6cd284fe11036c6"},
    {file = "numpy-1.25.0-cp310-cp310-win_amd64.whl", hash = "sha256:c0dc071017bc00abb7d7201bac06fa80333c6314477b3d10b52b58fa6a6e38f6"},
    {file = "numpy-1.25.0-cp311-cp311-macosx_10_9_x86_64.whl", hash = "sha256:4c69fe5f05eea336b7a740e114dec995e2f927003c30702d896892403df6dbf0"},
    {file = "numpy-1.25.0-cp311-cp311-macosx_11_0_arm64.whl", hash = "sha256:9c7211d7920b97aeca7b3773a6783492b5b93baba39e7c36054f6e749fc7490c"},
    {file = "numpy-1.25.0-cp311-cp311-manylinux_2_17_aarch64.manylinux2014_aarch64.whl", hash = "sha256:ecc68f11404930e9c7ecfc937aa423e1e50158317bf67ca91736a9864eae0232"},
    {file = "numpy-1.25.0-cp311-cp311-manylinux_2_17_x86_64.manylinux2014_x86_64.whl", hash = "sha256:e559c6afbca484072a98a51b6fa466aae785cfe89b69e8b856c3191bc8872a82"},
    {file = "numpy-1.25.0-cp311-cp311-musllinux_1_1_x86_64.whl", hash = "sha256:6c284907e37f5e04d2412950960894b143a648dea3f79290757eb878b91acbd1"},
    {file = "numpy-1.25.0-cp311-cp311-win32.whl", hash = "sha256:95367ccd88c07af21b379be1725b5322362bb83679d36691f124a16357390153"},
    {file = "numpy-1.25.0-cp311-cp311-win_amd64.whl", hash = "sha256:b76aa836a952059d70a2788a2d98cb2a533ccd46222558b6970348939e55fc24"},
    {file = "numpy-1.25.0-cp39-cp39-macosx_10_9_x86_64.whl", hash = "sha256:b792164e539d99d93e4e5e09ae10f8cbe5466de7d759fc155e075237e0c274e4"},
    {file = "numpy-1.25.0-cp39-cp39-macosx_11_0_arm64.whl", hash = "sha256:7cd981ccc0afe49b9883f14761bb57c964df71124dcd155b0cba2b591f0d64b9"},
    {file = "numpy-1.25.0-cp39-cp39-manylinux_2_17_aarch64.manylinux2014_aarch64.whl", hash = "sha256:5aa48bebfb41f93043a796128854b84407d4df730d3fb6e5dc36402f5cd594c0"},
    {file = "numpy-1.25.0-cp39-cp39-manylinux_2_17_x86_64.manylinux2014_x86_64.whl", hash = "sha256:5177310ac2e63d6603f659fadc1e7bab33dd5a8db4e0596df34214eeab0fee3b"},
    {file = "numpy-1.25.0-cp39-cp39-musllinux_1_1_x86_64.whl", hash = "sha256:0ac6edfb35d2a99aaf102b509c8e9319c499ebd4978df4971b94419a116d0790"},
    {file = "numpy-1.25.0-cp39-cp39-win32.whl", hash = "sha256:7412125b4f18aeddca2ecd7219ea2d2708f697943e6f624be41aa5f8a9852cc4"},
    {file = "numpy-1.25.0-cp39-cp39-win_amd64.whl", hash = "sha256:26815c6c8498dc49d81faa76d61078c4f9f0859ce7817919021b9eba72b425e3"},
    {file = "numpy-1.25.0-pp39-pypy39_pp73-macosx_10_9_x86_64.whl", hash = "sha256:5b1b90860bf7d8a8c313b372d4f27343a54f415b20fb69dd601b7efe1029c91e"},
    {file = "numpy-1.25.0-pp39-pypy39_pp73-manylinux_2_17_x86_64.manylinux2014_x86_64.whl", hash = "sha256:85cdae87d8c136fd4da4dad1e48064d700f63e923d5af6c8c782ac0df8044542"},
    {file = "numpy-1.25.0-pp39-pypy39_pp73-win_amd64.whl", hash = "sha256:cc3fda2b36482891db1060f00f881c77f9423eead4c3579629940a3e12095fe8"},
    {file = "numpy-1.25.0.tar.gz", hash = "sha256:f1accae9a28dc3cda46a91de86acf69de0d1b5f4edd44a9b0c3ceb8036dfff19"},
]

[[package]]
name = "py"
version = "1.11.0"
description = "library with cross-python path, ini-parsing, io, code, log facilities"
optional = false
python-versions = ">=2.7, !=3.0.*, !=3.1.*, !=3.2.*, !=3.3.*, !=3.4.*"
files = [
    {file = "py-1.11.0-py2.py3-none-any.whl", hash = "sha256:607c53218732647dff4acdfcd50cb62615cedf612e72d1724fb1a0cc6405b378"},
    {file = "py-1.11.0.tar.gz", hash = "sha256:51c75c4126074b472f746a24399ad32f6053d1b34b68d2fa41e558e6f4a98719"},
]

[[package]]
name = "python-dateutil"
version = "2.8.2"
description = "Extensions to the standard Python datetime module"
optional = false
python-versions = "!=3.0.*,!=3.1.*,!=3.2.*,>=2.7"
files = [
    {file = "python-dateutil-2.8.2.tar.gz", hash = "sha256:0123cacc1627ae19ddf3c27a5de5bd67ee4586fbdd6440d9748f8abb483d3e86"},
    {file = "python_dateutil-2.8.2-py2.py3-none-any.whl", hash = "sha256:961d03dc3453ebbc59dbdea9e4e11c5651520a876d0f4db161e8674aae935da9"},
]

[package.dependencies]
six = ">=1.5"

[[package]]
name = "retry"
version = "0.9.2"
description = "Easy to use retry decorator."
optional = false
python-versions = "*"
files = [
    {file = "retry-0.9.2-py2.py3-none-any.whl", hash = "sha256:ccddf89761fa2c726ab29391837d4327f819ea14d244c232a1d24c67a2f98606"},
    {file = "retry-0.9.2.tar.gz", hash = "sha256:f8bfa8b99b69c4506d6f5bd3b0aabf77f98cdb17f3c9fc3f5ca820033336fba4"},
]

[package.dependencies]
decorator = ">=3.4.2"
py = ">=1.4.26,<2.0.0"

[[package]]
name = "scipy"
version = "1.11.1"
description = "Fundamental algorithms for scientific computing in Python"
optional = false
python-versions = "<3.13,>=3.9"
files = [
    {file = "scipy-1.11.1-cp310-cp310-macosx_10_9_x86_64.whl", hash = "sha256:aec8c62fbe52914f9cf28d846cf0401dd80ab80788bbab909434eb336ed07c04"},
    {file = "scipy-1.11.1-cp310-cp310-macosx_12_0_arm64.whl", hash = "sha256:3b9963798df1d8a52db41a6fc0e6fa65b1c60e85d73da27ae8bb754de4792481"},
    {file = "scipy-1.11.1-cp310-cp310-manylinux_2_17_aarch64.manylinux2014_aarch64.whl", hash = "sha256:3e8eb42db36526b130dfbc417609498a6192381abc1975b91e3eb238e0b41c1a"},
    {file = "scipy-1.11.1-cp310-cp310-manylinux_2_17_x86_64.manylinux2014_x86_64.whl", hash = "sha256:366a6a937110d80dca4f63b3f5b00cc89d36f678b2d124a01067b154e692bab1"},
    {file = "scipy-1.11.1-cp310-cp310-musllinux_1_1_x86_64.whl", hash = "sha256:08d957ca82d3535b3b9ba6c8ff355d78fe975271874e2af267cb5add5bd78625"},
    {file = "scipy-1.11.1-cp310-cp310-win_amd64.whl", hash = "sha256:e866514bc2d660608447b6ba95c8900d591f2865c07cca0aa4f7ff3c4ca70f30"},
    {file = "scipy-1.11.1-cp311-cp311-macosx_10_9_x86_64.whl", hash = "sha256:ba94eeef3c9caa4cea7b402a35bb02a5714ee1ee77eb98aca1eed4543beb0f4c"},
    {file = "scipy-1.11.1-cp311-cp311-macosx_12_0_arm64.whl", hash = "sha256:512fdc18c65f76dadaca139348e525646d440220d8d05f6d21965b8d4466bccd"},
    {file = "scipy-1.11.1-cp311-cp311-manylinux_2_17_aarch64.manylinux2014_aarch64.whl", hash = "sha256:cce154372f0ebe88556ed06d7b196e9c2e0c13080ecb58d0f35062dc7cc28b47"},
    {file = "scipy-1.11.1-cp311-cp311-manylinux_2_17_x86_64.manylinux2014_x86_64.whl", hash = "sha256:b4bb943010203465ac81efa392e4645265077b4d9e99b66cf3ed33ae12254173"},
    {file = "scipy-1.11.1-cp311-cp311-musllinux_1_1_x86_64.whl", hash = "sha256:249cfa465c379c9bb2c20123001e151ff5e29b351cbb7f9c91587260602c58d0"},
    {file = "scipy-1.11.1-cp311-cp311-win_amd64.whl", hash = "sha256:ffb28e3fa31b9c376d0fb1f74c1f13911c8c154a760312fbee87a21eb21efe31"},
    {file = "scipy-1.11.1-cp39-cp39-macosx_10_9_x86_64.whl", hash = "sha256:39154437654260a52871dfde852adf1b93b1d1bc5dc0ffa70068f16ec0be2624"},
    {file = "scipy-1.11.1-cp39-cp39-macosx_12_0_arm64.whl", hash = "sha256:b588311875c58d1acd4ef17c983b9f1ab5391755a47c3d70b6bd503a45bfaf71"},
    {file = "scipy-1.11.1-cp39-cp39-manylinux_2_17_aarch64.manylinux2014_aarch64.whl", hash = "sha256:d51565560565a0307ed06fa0ec4c6f21ff094947d4844d6068ed04400c72d0c3"},
    {file = "scipy-1.11.1-cp39-cp39-manylinux_2_17_x86_64.manylinux2014_x86_64.whl", hash = "sha256:b41a0f322b4eb51b078cb3441e950ad661ede490c3aca66edef66f4b37ab1877"},
    {file = "scipy-1.11.1-cp39-cp39-musllinux_1_1_x86_64.whl", hash = "sha256:396fae3f8c12ad14c5f3eb40499fd06a6fef8393a6baa352a652ecd51e74e029"},
    {file = "scipy-1.11.1-cp39-cp39-win_amd64.whl", hash = "sha256:be8c962a821957fdde8c4044efdab7a140c13294997a407eaee777acf63cbf0c"},
    {file = "scipy-1.11.1.tar.gz", hash = "sha256:fb5b492fa035334fd249f0973cc79ecad8b09c604b42a127a677b45a9a3d4289"},
]

[package.dependencies]
numpy = ">=1.21.6,<1.28.0"

[package.extras]
dev = ["click", "cython-lint (>=0.12.2)", "doit (>=0.36.0)", "mypy", "pycodestyle", "pydevtool", "rich-click", "ruff", "types-psutil", "typing_extensions"]
doc = ["jupytext", "matplotlib (>2)", "myst-nb", "numpydoc", "pooch", "pydata-sphinx-theme (==0.9.0)", "sphinx (!=4.1.0)", "sphinx-design (>=0.2.0)"]
test = ["asv", "gmpy2", "mpmath", "pooch", "pytest", "pytest-cov", "pytest-timeout", "pytest-xdist", "scikit-umfpack", "threadpoolctl"]

[[package]]
name = "six"
version = "1.16.0"
description = "Python 2 and 3 compatibility utilities"
optional = false
python-versions = ">=2.7, !=3.0.*, !=3.1.*, !=3.2.*"
files = [
    {file = "six-1.16.0-py2.py3-none-any.whl", hash = "sha256:8abb2f1d86890a2dfb989f9a77cfcfd3e47c2a354b01111771326f8aa26e0254"},
    {file = "six-1.16.0.tar.gz", hash = "sha256:1e61c37477a1626458e36f7b1d82aa5c9b094fa4802892072e49de9c60c4c926"},
]

[[package]]
name = "time-intervals"
version = "1.0.0"
description = "Operations on intervals"
optional = false
python-versions = "*"
files = [
    {file = "time_intervals-1.0.0.tar.gz", hash = "sha256:6d07984d4a6826311ebbf42022e86f3def26520c0448a24772eac87df661e152"},
]

[[package]]
name = "unidecode"
version = "1.3.6"
description = "ASCII transliterations of Unicode text"
optional = false
python-versions = ">=3.5"
files = [
    {file = "Unidecode-1.3.6-py3-none-any.whl", hash = "sha256:547d7c479e4f377b430dd91ac1275d593308dce0fc464fb2ab7d41f82ec653be"},
    {file = "Unidecode-1.3.6.tar.gz", hash = "sha256:fed09cf0be8cf415b391642c2a5addfc72194407caee4f98719e40ec2a72b830"},
]

[metadata]
lock-version = "2.0"
python-versions = "3.11"
content-hash = "5ecaaa52481fc643888b11636acf4cac15fc592bdf8d75ccddda17d6c17ffae2"
